
Microsoft Visual Studio Solution File, Format Version 12.00
# Visual Studio 15
VisualStudioVersion = 15.0.27703.2026
MinimumVisualStudioVersion = 10.0.40219.1
Project("{FAE04EC0-301F-11D3-BF4B-00C04F79EFBC}") = "Blockchain", "Blockchain\Blockchain.csproj", "{82609CEB-CE05-4D5F-8611-AA57C2D6F56F}"
EndProject
Project("{FAE04EC0-301F-11D3-BF4B-00C04F79EFBC}") = "BlockchainConsole", "BlockchainConsole\BlockchainConsole.csproj", "{E98E1081-B1D5-4F0B-8174-72D657D49A34}"
EndProject
Global
	GlobalSection(SolutionConfigurationPlatforms) = preSolution
		Debug|Any CPU = Debug|Any CPU
		Release|Any CPU = Release|Any CPU
	EndGlobalSection
	GlobalSection(ProjectConfigurationPlatforms) = postSolution
		{82609CEB-CE05-4D5F-8611-AA57C2D6F56F}.Debug|Any CPU.ActiveCfg = Debug|Any CPU
		{82609CEB-CE05-4D5F-8611-AA57C2D6F56F}.Debug|Any CPU.Build.0 = Debug|Any CPU
		{82609CEB-CE05-4D5F-8611-AA57C2D6F56F}.Release|Any CPU.ActiveCfg = Release|Any CPU
		{82609CEB-CE05-4D5F-8611-AA57C2D6F56F}.Release|Any CPU.Build.0 = Release|Any CPU
		{E98E1081-B1D5-4F0B-8174-72D657D49A34}.Debug|Any CPU.ActiveCfg = Debug|Any CPU
		{E98E1081-B1D5-4F0B-8174-72D657D49A34}.Debug|Any CPU.Build.0 = Debug|Any CPU
		{E98E1081-B1D5-4F0B-8174-72D657D49A34}.Release|Any CPU.ActiveCfg = Release|Any CPU
		{E98E1081-B1D5-4F0B-8174-72D657D49A34}.Release|Any CPU.Build.0 = Release|Any CPU
	EndGlobalSection
	GlobalSection(SolutionProperties) = preSolution
		HideSolutionNode = FALSE
	EndGlobalSection
	GlobalSection(ExtensibilityGlobals) = postSolution
		SolutionGuid = {AAAAC964-5A9C-4864-B6ED-E0E77A49D27A}
	EndGlobalSection
EndGlobal
